
Microsoft Visual Studio Solution File, Format Version 12.00
# Visual Studio Version 17
VisualStudioVersion = 17.9.34616.47
MinimumVisualStudioVersion = 10.0.40219.1
Project("{FAE04EC0-301F-11D3-BF4B-00C04F79EFBC}") = "FormDesign4522", "FormDesign4522\FormDesign4522.csproj", "{618BE988-7279-4B2A-8EC0-70CDA49D4E56}"
EndProject
Global
	GlobalSection(SolutionConfigurationPlatforms) = preSolution
		Debug|Any CPU = Debug|Any CPU
		Release|Any CPU = Release|Any CPU
	EndGlobalSection
	GlobalSection(ProjectConfigurationPlatforms) = postSolution
		{618BE988-7279-4B2A-8EC0-70CDA49D4E56}.Debug|Any CPU.ActiveCfg = Debug|Any CPU
		{618BE988-7279-4B2A-8EC0-70CDA49D4E56}.Debug|Any CPU.Build.0 = Debug|Any CPU
		{618BE988-7279-4B2A-8EC0-70CDA49D4E56}.Release|Any CPU.ActiveCfg = Release|Any CPU
		{618BE988-7279-4B2A-8EC0-70CDA49D4E56}.Release|Any CPU.Build.0 = Release|Any CPU
	EndGlobalSection
	GlobalSection(SolutionProperties) = preSolution
		HideSolutionNode = FALSE
	EndGlobalSection
	GlobalSection(ExtensibilityGlobals) = postSolution
		SolutionGuid = {ECBA998A-F16B-4A47-BDCE-3ACB88C83677}
	EndGlobalSection
EndGlobal
